
Microsoft Visual Studio Solution File, Format Version 12.00
# Visual Studio Version 16
VisualStudioVersion = 16.0.30621.155
MinimumVisualStudioVersion = 10.0.40219.1
Project("{FAE04EC0-301F-11D3-BF4B-00C04F79EFBC}") = "Vezbe1Zadatak", "Vezbe1Zadatak\Vezbe1Zadatak.csproj", "{34CA5B0D-8EF6-4FE2-98DF-09BDB6B264B6}"
EndProject
Global
	GlobalSection(SolutionConfigurationPlatforms) = preSolution
		Debug|Any CPU = Debug|Any CPU
		Release|Any CPU = Release|Any CPU
	EndGlobalSection
	GlobalSection(ProjectConfigurationPlatforms) = postSolution
		{34CA5B0D-8EF6-4FE2-98DF-09BDB6B264B6}.Debug|Any CPU.ActiveCfg = Debug|Any CPU
		{34CA5B0D-8EF6-4FE2-98DF-09BDB6B264B6}.Debug|Any CPU.Build.0 = Debug|Any CPU
		{34CA5B0D-8EF6-4FE2-98DF-09BDB6B264B6}.Release|Any CPU.ActiveCfg = Release|Any CPU
		{34CA5B0D-8EF6-4FE2-98DF-09BDB6B264B6}.Release|Any CPU.Build.0 = Release|Any CPU
	EndGlobalSection
	GlobalSection(SolutionProperties) = preSolution
		HideSolutionNode = FALSE
	EndGlobalSection
	GlobalSection(ExtensibilityGlobals) = postSolution
		SolutionGuid = {1AD87BCF-9302-4B12-8D10-6F50325A9B38}
	EndGlobalSection
EndGlobal
